
Microsoft Visual Studio Solution File, Format Version 12.00
# Visual Studio 15
VisualStudioVersion = 15.0.27703.2047
MinimumVisualStudioVersion = 10.0.40219.1
Project("{FAE04EC0-301F-11D3-BF4B-00C04F79EFBC}") = "MailDelivery.Client", "MailDelivery.Client\MailDelivery.Client.csproj", "{5277B3D8-FA68-462E-8156-BC17DB7DE42B}"
EndProject
Project("{FAE04EC0-301F-11D3-BF4B-00C04F79EFBC}") = "MailDelivery.Server", "MailDelivery.Server\MailDelivery.Server.csproj", "{61080A8F-C66D-4993-AAC4-7814E77DC7E9}"
EndProject
Global
	GlobalSection(SolutionConfigurationPlatforms) = preSolution
		Debug|Any CPU = Debug|Any CPU
		Release|Any CPU = Release|Any CPU
	EndGlobalSection
	GlobalSection(ProjectConfigurationPlatforms) = postSolution
		{5277B3D8-FA68-462E-8156-BC17DB7DE42B}.Debug|Any CPU.ActiveCfg = Debug|Any CPU
		{5277B3D8-FA68-462E-8156-BC17DB7DE42B}.Debug|Any CPU.Build.0 = Debug|Any CPU
		{5277B3D8-FA68-462E-8156-BC17DB7DE42B}.Release|Any CPU.ActiveCfg = Release|Any CPU
		{5277B3D8-FA68-462E-8156-BC17DB7DE42B}.Release|Any CPU.Build.0 = Release|Any CPU
		{61080A8F-C66D-4993-AAC4-7814E77DC7E9}.Debug|Any CPU.ActiveCfg = Debug|Any CPU
		{61080A8F-C66D-4993-AAC4-7814E77DC7E9}.Debug|Any CPU.Build.0 = Debug|Any CPU
		{61080A8F-C66D-4993-AAC4-7814E77DC7E9}.Release|Any CPU.ActiveCfg = Release|Any CPU
		{61080A8F-C66D-4993-AAC4-7814E77DC7E9}.Release|Any CPU.Build.0 = Release|Any CPU
	EndGlobalSection
	GlobalSection(SolutionProperties) = preSolution
		HideSolutionNode = FALSE
	EndGlobalSection
	GlobalSection(ExtensibilityGlobals) = postSolution
		SolutionGuid = {66CBB57E-649C-474B-BA3A-0C944D6739C1}
	EndGlobalSection
EndGlobal
